{
  "originHash" : "472035e9d690492f6e6a4b9d290b6ae05026423c0bbd3086a389d4295c16db8d",
  "pins" : [
    {
      "identity" : "swift-secp256k1",
      "kind" : "remoteSourceControl",
      "location" : "https://github.com/21-DOT-DEV/swift-secp256k1",
      "state" : {
        "revision" : "8c62aba8a3011c9bcea232e5ee007fb0b34a15e2",
        "version" : "0.21.1"
      }
    }
  ],
  "version" : 3
}
